{
    "_readme": [
        "This file locks the dependencies of your project to a known state",
        "Read more about it at https://getcomposer.org/doc/01-basic-usage.md#installing-dependencies",
        "This file is @generated automatically"
    ],
    "content-hash": "aee8da85a6cfcea8a641d68dfcee17d0",
    "packages": [
        {
            "name": "cmb2/cmb2",
            "version": "v2.6.0",
            "source": {
                "type": "git",
                "url": "https://github.com/CMB2/CMB2.git",
                "reference": "008d9b83263d971d6bd41c27e31113db852d5ef3"
            },
            "dist": {
                "type": "zip",
                "url": "https://api.github.com/repos/CMB2/CMB2/zipball/008d9b83263d971d6bd41c27e31113db852d5ef3",
                "reference": "008d9b83263d971d6bd41c27e31113db852d5ef3",
                "shasum": ""
            },
            "require": {
                "php": ">5.2.4"
            },
            "require-dev": {
                "apigen/apigen": "4.1.2",
                "nette/utils": "2.5.3",
                "phpunit/phpunit": "6.5.13"
            },
            "suggest": {
                "composer/installers": "~1.0"
            },
            "type": "wordpress-plugin",
            "notification-url": "https://packagist.org/downloads/",
            "license": [
                "GPL-2.0-or-later"
            ],
            "authors": [
                {
                    "name": "WebDevStudios",
                    "email": "contact@webdevstudios.com",
                    "homepage": "https://github.com/WebDevStudios",
                    "role": "Developer"
                },
                {
                    "name": "Justin Sternberg",
                    "email": "justin@dsgnwrks.pro",
                    "homepage": "https://dsgnwrks.pro",
                    "role": "Developer"
                }
            ],
            "description": "CMB2 is a metabox, custom fields, and forms library for WordPress that will blow your mind.",
            "homepage": "https://github.com/CMB2/CMB2",
            "keywords": [
                "metabox",
                "plugin",
                "wordpress"
            ],
            "time": "2019-01-21T04:30:08+00:00"
        },
        {
            "name": "jaybizzle/crawler-detect",
            "version": "v1.2.81",
            "source": {
                "type": "git",
                "url": "https://github.com/JayBizzle/Crawler-Detect.git",
                "reference": "ffb1880f8e9610569d3bc70dc90bf07db311471d"
            },
            "dist": {
                "type": "zip",
                "url": "https://api.github.com/repos/JayBizzle/Crawler-Detect/zipball/ffb1880f8e9610569d3bc70dc90bf07db311471d",
                "reference": "ffb1880f8e9610569d3bc70dc90bf07db311471d",
                "shasum": ""
            },
            "require": {
                "php": ">=5.3.0"
            },
            "require-dev": {
                "phpunit/phpunit": "^4.8|^5.5|^6.5",
                "satooshi/php-coveralls": "1.*"
            },
            "type": "library",
            "autoload": {
                "psr-4": {
                    "Jaybizzle\\CrawlerDetect\\": "src/"
                }
            },
            "notification-url": "https://packagist.org/downloads/",
            "license": [
                "MIT"
            ],
            "authors": [
                {
                    "name": "Mark Beech",
                    "email": "m@rkbee.ch",
                    "role": "Developer"
                }
            ],
            "description": "CrawlerDetect is a PHP class for detecting bots/crawlers/spiders via the user agent",
            "homepage": "https://github.com/JayBizzle/Crawler-Detect/",
            "keywords": [
                "crawler",
                "crawler detect",
                "crawler detector",
                "crawlerdetect",
                "php crawler detect"
            ],
            "time": "2019-04-23T20:02:21+00:00"
        },
        {
            "name": "jaybizzle/laravel-crawler-detect",
            "version": "v1.2.0",
            "source": {
                "type": "git",
                "url": "https://github.com/JayBizzle/Laravel-Crawler-Detect.git",
                "reference": "e39b536fb5e4f21a49328e83a2ab26f0b64b06f7"
            },
            "dist": {
                "type": "zip",
                "url": "https://api.github.com/repos/JayBizzle/Laravel-Crawler-Detect/zipball/e39b536fb5e4f21a49328e83a2ab26f0b64b06f7",
                "reference": "e39b536fb5e4f21a49328e83a2ab26f0b64b06f7",
                "shasum": ""
            },
            "require": {
                "jaybizzle/crawler-detect": "1.*",
                "php": ">=5.4.0"
            },
            "require-dev": {
                "orchestra/testbench": "3.1.*",
                "phpunit/phpunit": "4.*"
            },
            "type": "library",
            "extra": {
                "laravel": {
                    "providers": [
                        "Jaybizzle\\LaravelCrawlerDetect\\LaravelCrawlerDetectServiceProvider"
                    ],
                    "aliases": {
                        "Crawler": "Jaybizzle\\LaravelCrawlerDetect\\Facades\\LaravelCrawlerDetect"
                    }
                }
            },
            "autoload": {
                "psr-4": {
                    "Jaybizzle\\LaravelCrawlerDetect\\": "src/"
                }
            },
            "notification-url": "https://packagist.org/downloads/",
            "license": [
                "MIT"
            ],
            "authors": [
                {
                    "name": "Mark Beech",
                    "email": "mbeech@mark-beech.co.uk"
                }
            ],
            "description": "A Laravel package to detect web crawlers via the user agent",
            "homepage": "http://github.com/JayBizzle/Laravel-Crawler-Detect",
            "keywords": [
                "bot",
                "crawler",
                "crawler detect",
                "crawler detector",
                "crawlerdetect",
                "detect",
                "laravel",
                "php crawler detect",
                "spider",
                "user-agent"
            ],
            "time": "2017-06-01T20:29:30+00:00"
        },
        {
            "name": "mashape/unirest-php",
            "version": "v3.0.4",
            "source": {
                "type": "git",
                "url": "https://github.com/Mashape/unirest-php.git",
                "reference": "842c0f242dfaaf85f16b72e217bf7f7c19ab12cb"
            },
            "dist": {
                "type": "zip",
                "url": "https://api.github.com/repos/Mashape/unirest-php/zipball/842c0f242dfaaf85f16b72e217bf7f7c19ab12cb",
                "reference": "842c0f242dfaaf85f16b72e217bf7f7c19ab12cb",
                "shasum": ""
            },
            "require": {
                "ext-curl": "*",
                "php": ">=5.4.0"
            },
            "require-dev": {
                "codeclimate/php-test-reporter": "0.1.*",
                "phpunit/phpunit": "~4.4"
            },
            "suggest": {
                "ext-json": "Allows using JSON Bodies for sending and parsing requests"
            },
            "type": "library",
            "autoload": {
                "psr-0": {
                    "Unirest\\": "src/"
                }
            },
            "notification-url": "https://packagist.org/downloads/",
            "license": [
                "MIT"
            ],
            "description": "Unirest PHP",
            "homepage": "https://github.com/Mashape/unirest-php",
            "keywords": [
                "client",
                "curl",
                "http",
                "https",
                "rest"
            ],
            "time": "2016-08-11T17:49:21+00:00"
        }
    ],
    "packages-dev": [],
    "aliases": [],
    "minimum-stability": "stable",
    "stability-flags": [],
    "prefer-stable": false,
    "prefer-lowest": false,
    "platform": [],
    "platform-dev": []
}
